Microsoft Visual Studio Solution File, Format Version 12.00
# Visual Studio Version 17
VisualStudioVersion = 17.5.2.0
MinimumVisualStudioVersion = 10.0.40219.1
Project("{FAE04EC0-301F-11D3-BF4B-00C04F79EFBC}") = "academy-API", "academy-API.csproj", "{7755B424-CF75-4343-4374-ABEB06F933EA}"
EndProject
Project("{FAE04EC0-301F-11D3-BF4B-00C04F79EFBC}") = "academy-API.Tests", "academy-API.Tests\academy-API.Tests.csproj", "{04BECEB4-2625-4C94-8CC8-B24479A3E919}"
EndProject
Global
	GlobalSection(SolutionConfigurationPlatforms) = preSolution
		Debug|Any CPU = Debug|Any CPU
		Release|Any CPU = Release|Any CPU
	EndGlobalSection
	GlobalSection(ProjectConfigurationPlatforms) = postSolution
		{7755B424-CF75-4343-4374-ABEB06F933EA}.Debug|Any CPU.ActiveCfg = Debug|Any CPU
		{7755B424-CF75-4343-4374-ABEB06F933EA}.Debug|Any CPU.Build.0 = Debug|Any CPU
		{7755B424-CF75-4343-4374-ABEB06F933EA}.Release|Any CPU.ActiveCfg = Release|Any CPU
		{7755B424-CF75-4343-4374-ABEB06F933EA}.Release|Any CPU.Build.0 = Release|Any CPU
		{04BECEB4-2625-4C94-8CC8-B24479A3E919}.Debug|Any CPU.ActiveCfg = Debug|Any CPU
		{04BECEB4-2625-4C94-8CC8-B24479A3E919}.Debug|Any CPU.Build.0 = Debug|Any CPU
		{04BECEB4-2625-4C94-8CC8-B24479A3E919}.Release|Any CPU.ActiveCfg = Release|Any CPU
		{04BECEB4-2625-4C94-8CC8-B24479A3E919}.Release|Any CPU.Build.0 = Release|Any CPU
	EndGlobalSection
	GlobalSection(SolutionProperties) = preSolution
		HideSolutionNode = FALSE
	EndGlobalSection
	GlobalSection(ExtensibilityGlobals) = postSolution
		SolutionGuid = {63E7262A-006D-4C44-9BC9-86AA8C0F66E5}
	EndGlobalSection
EndGlobal
